// !$*UTF8*$!
{
	archiveVersion = 1;
	classes = {
	};
	objectVersion = 50;
	objects = {

/* Begin PBXBuildFile section */
		C94220912526314600EEC648 /* Image_FilterApp.swift in Sources */ = {isa = PBXBuildFile; fileRef = C94220902526314600EEC648 /* Image_FilterApp.swift */; };
		C94220932526314600EEC648 /* ContentView.swift in Sources */ = {isa = PBXBuildFile; fileRef = C94220922526314600EEC648 /* ContentView.swift */; };
		C94220952526314900EEC648 /* Assets.xcassets in Resources */ = {isa = PBXBuildFile; fileRef = C94220942526314900EEC648 /* Assets.xcassets */; };
		C94220982526314900EEC648 /* Preview Assets.xcassets in Resources */ = {isa = PBXBuildFile; fileRef = C94220972526314900EEC648 /* Preview Assets.xcassets */; };
		C94220A32526314900EEC648 /* Image_FilterTests.swift in Sources */ = {isa = PBXBuildFile; fileRef = C94220A22526314900EEC648 /* Image_FilterTests.swift */; };
		C94220AE2526314A00EEC648 /* Image_FilterUITests.swift in Sources */ = {isa = PBXBuildFile; fileRef = C94220AD2526314A00EEC648 /* Image_FilterUITests.swift */; };
		C94220C2252631E300EEC648 /* Home.swift in Sources */ = {isa = PBXBuildFile; fileRef = C94220C1252631E300EEC648 /* Home.swift */; };
		C94220CA2526324200EEC648 /* HomeViewModel.swift in Sources */ = {isa = PBXBuildFile; fileRef = C94220C92526324200EEC648 /* HomeViewModel.swift */; };
		C94220CF2526333400EEC648 /* imagePicker.swift in Sources */ = {isa = PBXBuildFile; fileRef = C94220CE2526333400EEC648 /* imagePicker.swift */; };
		C94220D4252653BC00EEC648 /* FilteredImage.swift in Sources */ = {isa = PBXBuildFile; fileRef = C94220D3252653BC00EEC648 /* FilteredImage.swift */; };
/* End PBXBuildFile section */

/* Begin PBXContainerItemProxy section */
		C942209F2526314900EEC648 /* PBXContainerItemProxy */ = {
			isa = PBXContainerItemProxy;
			containerPortal = C94220852526314600EEC648 /* Project object */;
			proxyType = 1;
			remoteGlobalIDString = C942208C2526314600EEC648;
			remoteInfo = Image_Filter;
		};
		C94220AA2526314A00EEC648 /* PBXContainerItemProxy */ = {
			isa = PBXContainerItemProxy;
			containerPortal = C94220852526314600EEC648 /* Project object */;
			proxyType = 1;
			remoteGlobalIDString = C942208C2526314600EEC648;
			remoteInfo = Image_Filter;
		};
/* End PBXContainerItemProxy section */

/* Begin PBXFileReference section */
		C942208D2526314600EEC648 /* Image_Filter.app */ = {isa = PBXFileReference; explicitFileType = wrapper.application; includeInIndex = 0; path = Image_Filter.app; sourceTree = BUILT_PRODUCTS_DIR; };
		C94220902526314600EEC648 /* Image_FilterApp.swift */ = {isa = PBXFileReference; lastKnownFileType = sourcecode.swift; path = Image_FilterApp.swift; sourceTree = "<group>"; };
		C94220922526314600EEC648 /* ContentView.swift */ = {isa = PBXFileReference; lastKnownFileType = sourcecode.swift; path = ContentView.swift; sourceTree = "<group>"; };
		C94220942526314900EEC648 /* Assets.xcassets */ = {isa = PBXFileReference; lastKnownFileType = folder.assetcatalog; path = Assets.xcassets; sourceTree = "<group>"; };
		C94220972526314900EEC648 /* Preview Assets.xcassets */ = {isa = PBXFileReference; lastKnownFileType = folder.assetcatalog; path = "Preview Assets.xcassets"; sourceTree = "<group>"; };
		C94220992526314900EEC648 /* Info.plist */ = {isa = PBXFileReference; lastKnownFileType = text.plist.xml; path = Info.plist; sourceTree = "<group>"; };
		C942209E2526314900EEC648 /* Image_FilterTests.xctest */ = {isa = PBXFileReference; explicitFileType = wrapper.cfbundle; includeInIndex = 0; path = Image_FilterTests.xctest; sourceTree = BUILT_PRODUCTS_DIR; };
		C94220A22526314900EEC648 /* Image_FilterTests.swift */ = {isa = PBXFileReference; lastKnownFileType = sourcecode.swift; path = Image_FilterTests.swift; sourceTree = "<group>"; };
		C94220A42526314900EEC648 /* Info.plist */ = {isa = PBXFileReference; lastKnownFileType = text.plist.xml; path = Info.plist; sourceTree = "<group>"; };
		C94220A92526314A00EEC648 /* Image_FilterUITests.xctest */ = {isa = PBXFileReference; explicitFileType = wrapper.cfbundle; includeInIndex = 0; path = Image_FilterUITests.xctest; sourceTree = BUILT_PRODUCTS_DIR; };
		C94220AD2526314A00EEC648 /* Image_FilterUITests.swift */ = {isa = PBXFileReference; lastKnownFileType = sourcecode.swift; path = Image_FilterUITests.swift; sourceTree = "<group>"; };
		C94220AF2526314A00EEC648 /* Info.plist */ = {isa = PBXFileReference; lastKnownFileType = text.plist.xml; path = Info.plist; sourceTree = "<group>"; };
		C94220C1252631E300EEC648 /* Home.swift */ = {isa = PBXFileReference; lastKnownFileType = sourcecode.swift; path = Home.swift; sourceTree = "<group>"; };
		C94220C92526324200EEC648 /* HomeViewModel.swift */ = {isa = PBXFileReference; lastKnownFileType = sourcecode.swift; path = HomeViewModel.swift; sourceTree = "<group>"; };
		C94220CE2526333400EEC648 /* imagePicker.swift */ = {isa = PBXFileReference; lastKnownFileType = sourcecode.swift; path = imagePicker.swift; sourceTree = "<group>"; };
		C94220D3252653BC00EEC648 /* FilteredImage.swift */ = {isa = PBXFileReference; lastKnownFileType = sourcecode.swift; path = FilteredImage.swift; sourceTree = "<group>"; };
/* End PBXFileReference section */

/* Begin PBXFrameworksBuildPhase section */
		C942208A2526314600EEC648 /* Frameworks */ = {
			isa = PBXFrameworksBuildPhase;
			buildActionMask = 2147483647;
			files = (
			);
			runOnlyForDeploymentPostprocessing = 0;
		};
		C942209B2526314900EEC648 /* Frameworks */ = {
			isa = PBXFrameworksBuildPhase;
			buildActionMask = 2147483647;
			files = (
			);
			runOnlyForDeploymentPostprocessing = 0;
		};
		C94220A62526314A00EEC648 /* Frameworks */ = {
			isa = PBXFrameworksBuildPhase;
			buildActionMask = 2147483647;
			files = (
			);
			runOnlyForDeploymentPostprocessing = 0;
		};
/* End PBXFrameworksBuildPhase section */

/* Begin PBXGroup section */
		C94220842526314600EEC648 = {
			isa = PBXGroup;
			children = (
				C942208F2526314600EEC648 /* Image_Filter */,
				C94220A12526314900EEC648 /* Image_FilterTests */,
				C94220AC2526314A00EEC648 /* Image_FilterUITests */,
				C942208E2526314600EEC648 /* Products */,
			);
			sourceTree = "<group>";
		};
		C942208E2526314600EEC648 /* Products */ = {
			isa = PBXGroup;
			children = (
				C942208D2526314600EEC648 /* Image_Filter.app */,
				C942209E2526314900EEC648 /* Image_FilterTests.xctest */,
				C94220A92526314A00EEC648 /* Image_FilterUITests.xctest */,
			);
			name = Products;
			sourceTree = "<group>";
		};
		C942208F2526314600EEC648 /* Image_Filter */ = {
			isa = PBXGroup;
			children = (
				C94220C02526319500EEC648 /* ViewModel */,
				C94220BF2526318A00EEC648 /* Model */,
				C94220BE2526316200EEC648 /* View */,
				C94220902526314600EEC648 /* Image_FilterApp.swift */,
				C94220922526314600EEC648 /* ContentView.swift */,
				C94220942526314900EEC648 /* Assets.xcassets */,
				C94220992526314900EEC648 /* Info.plist */,
				C94220962526314900EEC648 /* Preview Content */,
			);
			path = Image_Filter;
			sourceTree = "<group>";
		};
		C94220962526314900EEC648 /* Preview Content */ = {
			isa = PBXGroup;
			children = (
				C94220972526314900EEC648 /* Preview Assets.xcassets */,
			);
			path = "Preview Content";
			sourceTree = "<group>";
		};
		C94220A12526314900EEC648 /* Image_FilterTests */ = {
			isa = PBXGroup;
			children = (
				C94220A22526314900EEC648 /* Image_FilterTests.swift */,
				C94220A42526314900EEC648 /* Info.plist */,
			);
			path = Image_FilterTests;
			sourceTree = "<group>";
		};
		C94220AC2526314A00EEC648 /* Image_FilterUITests */ = {
			isa = PBXGroup;
			children = (
				C94220AD2526314A00EEC648 /* Image_FilterUITests.swift */,
				C94220AF2526314A00EEC648 /* Info.plist */,
			);
			path = Image_FilterUITests;
			sourceTree = "<group>";
		};
		C94220BE2526316200EEC648 /* View */ = {
			isa = PBXGroup;
			children = (
				C94220C1252631E300EEC648 /* Home.swift */,
				C94220CE2526333400EEC648 /* imagePicker.swift */,
			);
			path = View;
			sourceTree = "<group>";
		};
		C94220BF2526318A00EEC648 /* Model */ = {
			isa = PBXGroup;
			children = (
				C94220D3252653BC00EEC648 /* FilteredImage.swift */,
			);
			path = Model;
			sourceTree = "<group>";
		};
		C94220C02526319500EEC648 /* ViewModel */ = {
			isa = PBXGroup;
			children = (
				C94220C92526324200EEC648 /* HomeViewModel.swift */,
			);
			path = ViewModel;
			sourceTree = "<group>";
		};
/* End PBXGroup section */

/* Begin PBXNativeTarget section */
		C942208C2526314600EEC648 /* Image_Filter */ = {
			isa = PBXNativeTarget;
			buildConfigurationList = C94220B22526314A00EEC648 /* Build configuration list for PBXNativeTarget "Image_Filter" */;
			buildPhases = (
				C94220892526314600EEC648 /* Sources */,
				C942208A2526314600EEC648 /* Frameworks */,
				C942208B2526314600EEC648 /* Resources */,
			);
			buildRules = (
			);
			dependencies = (
			);
			name = Image_Filter;
			productName = Image_Filter;
			productReference = C942208D2526314600EEC648 /* Image_Filter.app */;
			productType = "com.apple.product-type.application";
		};
		C942209D2526314900EEC648 /* Image_FilterTests */ = {
			isa = PBXNativeTarget;
			buildConfigurationList = C94220B52526314A00EEC648 /* Build configuration list for PBXNativeTarget "Image_FilterTests" */;
			buildPhases = (
				C942209A2526314900EEC648 /* Sources */,
				C942209B2526314900EEC648 /* Frameworks */,
				C942209C2526314900EEC648 /* Resources */,
			);
			buildRules = (
			);
			dependencies = (
				C94220A02526314900EEC648 /* PBXTargetDependency */,
			);
			name = Image_FilterTests;
			productName = Image_FilterTests;
			productReference = C942209E2526314900EEC648 /* Image_FilterTests.xctest */;
			productType = "com.apple.product-type.bundle.unit-test";
		};
		C94220A82526314A00EEC648 /* Image_FilterUITests */ = {
			isa = PBXNativeTarget;
			buildConfigurationList = C94220B82526314A00EEC648 /* Build configuration list for PBXNativeTarget "Image_FilterUITests" */;
			buildPhases = (
				C94220A52526314A00EEC648 /* Sources */,
				C94220A62526314A00EEC648 /* Frameworks */,
				C94220A72526314A00EEC648 /* Resources */,
			);
			buildRules = (
			);
			dependencies = (
				C94220AB2526314A00EEC648 /* PBXTargetDependency */,
			);
			name = Image_FilterUITests;
			productName = Image_FilterUITests;
			productReference = C94220A92526314A00EEC648 /* Image_FilterUITests.xctest */;
			productType = "com.apple.product-type.bundle.ui-testing";
		};
/* End PBXNativeTarget section */

/* Begin PBXProject section */
		C94220852526314600EEC648 /* Project object */ = {
			isa = PBXProject;
			attributes = {
				LastSwiftUpdateCheck = 1200;
				LastUpgradeCheck = 1200;
				TargetAttributes = {
					C942208C2526314600EEC648 = {
						CreatedOnToolsVersion = 12.0;
					};
					C942209D2526314900EEC648 = {
						CreatedOnToolsVersion = 12.0;
						TestTargetID = C942208C2526314600EEC648;
					};
					C94220A82526314A00EEC648 = {
						CreatedOnToolsVersion = 12.0;
						TestTargetID = C942208C2526314600EEC648;
					};
				};
			};
			buildConfigurationList = C94220882526314600EEC648 /* Build configuration list for PBXProject "Image_Filter" */;
			compatibilityVersion = "Xcode 9.3";
			developmentRegion = en;
			hasScannedForEncodings = 0;
			knownRegions = (
				en,
				Base,
			);
			mainGroup = C94220842526314600EEC648;
			productRefGroup = C942208E2526314600EEC648 /* Products */;
			projectDirPath = "";
			projectRoot = "";
			targets = (
				C942208C2526314600EEC648 /* Image_Filter */,
				C942209D2526314900EEC648 /* Image_FilterTests */,
				C94220A82526314A00EEC648 /* Image_FilterUITests */,
			);
		};
/* End PBXProject section */

/* Begin PBXResourcesBuildPhase section */
		C942208B2526314600EEC648 /* Resources */ = {
			isa = PBXResourcesBuildPhase;
			buildActionMask = 2147483647;
			files = (
				C94220982526314900EEC648 /* Preview Assets.xcassets in Resources */,
				C94220952526314900EEC648 /* Assets.xcassets in Resources */,
			);
			runOnlyForDeploymentPostprocessing = 0;
		};
		C942209C2526314900EEC648 /* Resources */ = {
			isa = PBXResourcesBuildPhase;
			buildActionMask = 2147483647;
			files = (
			);
			runOnlyForDeploymentPostprocessing = 0;
		};
		C94220A72526314A00EEC648 /* Resources */ = {
			isa = PBXResourcesBuildPhase;
			buildActionMask = 2147483647;
			files = (
			);
			runOnlyForDeploymentPostprocessing = 0;
		};
/* End PBXResourcesBuildPhase section */

/* Begin PBXSourcesBuildPhase section */
		C94220892526314600EEC648 /* Sources */ = {
			isa = PBXSourcesBuildPhase;
			buildActionMask = 2147483647;
			files = (
				C94220D4252653BC00EEC648 /* FilteredImage.swift in Sources */,
				C94220932526314600EEC648 /* ContentView.swift in Sources */,
				C94220C2252631E300EEC648 /* Home.swift in Sources */,
				C94220CF2526333400EEC648 /* imagePicker.swift in Sources */,
				C94220912526314600EEC648 /* Image_FilterApp.swift in Sources */,
				C94220CA2526324200EEC648 /* HomeViewModel.swift in Sources */,
			);
			runOnlyForDeploymentPostprocessing = 0;
		};
		C942209A2526314900EEC648 /* Sources */ = {
			isa = PBXSourcesBuildPhase;
			buildActionMask = 2147483647;
			files = (
				C94220A32526314900EEC648 /* Image_FilterTests.swift in Sources */,
			);
			runOnlyForDeploymentPostprocessing = 0;
		};
		C94220A52526314A00EEC648 /* Sources */ = {
			isa = PBXSourcesBuildPhase;
			buildActionMask = 2147483647;
			files = (
				C94220AE2526314A00EEC648 /* Image_FilterUITests.swift in Sources */,
			);
			runOnlyForDeploymentPostprocessing = 0;
		};
/* End PBXSourcesBuildPhase section */

/* Begin PBXTargetDependency section */
		C94220A02526314900EEC648 /* PBXTargetDependency */ = {
			isa = PBXTargetDependency;
			target = C942208C2526314600EEC648 /* Image_Filter */;
			targetProxy = C942209F2526314900EEC648 /* PBXContainerItemProxy */;
		};
		C94220AB2526314A00EEC648 /* PBXTargetDependency */ = {
			isa = PBXTargetDependency;
			target = C942208C2526314600EEC648 /* Image_Filter */;
			targetProxy = C94220AA2526314A00EEC648 /* PBXContainerItemProxy */;
		};
/* End PBXTargetDependency section */

/* Begin XCBuildConfiguration section */
		C94220B02526314A00EEC648 /* Debug */ = {
			isa = XCBuildConfiguration;
			buildSettings = {
				ALWAYS_SEARCH_USER_PATHS = NO;
				CLANG_ANALYZER_NONNULL = YES;
				CLANG_ANALYZER_NUMBER_OBJECT_CONVERSION = YES_AGGRESSIVE;
				CLANG_CXX_LANGUAGE_STANDARD = "gnu++14";
				CLANG_CXX_LIBRARY = "libc++";
				CLANG_ENABLE_MODULES = YES;
				CLANG_ENABLE_OBJC_ARC = YES;
				CLANG_ENABLE_OBJC_WEAK = YES;
				CLANG_WARN_BLOCK_CAPTURE_AUTORELEASING = YES;
				CLANG_WARN_BOOL_CONVERSION = YES;
				CLANG_WARN_COMMA = YES;
				CLANG_WARN_CONSTANT_CONVERSION = YES;
				CLANG_WARN_DEPRECATED_OBJC_IMPLEMENTATIONS = YES;
				CLANG_WARN_DIRECT_OBJC_ISA_USAGE = YES_ERROR;
				CLANG_WARN_DOCUMENTATION_COMMENTS = YES;
				CLANG_WARN_EMPTY_BODY = YES;
				CLANG_WARN_ENUM_CONVERSION = YES;
				CLANG_WARN_INFINITE_RECURSION = YES;
				CLANG_WARN_INT_CONVERSION = YES;
				CLANG_WARN_NON_LITERAL_NULL_CONVERSION = YES;
				CLANG_WARN_OBJC_IMPLICIT_RETAIN_SELF = YES;
				CLANG_WARN_OBJC_LITERAL_CONVERSION = YES;
				CLANG_WARN_OBJC_ROOT_CLASS = YES_ERROR;
				CLANG_WARN_QUOTED_INCLUDE_IN_FRAMEWORK_HEADER = YES;
				CLANG_WARN_RANGE_LOOP_ANALYSIS = YES;
				CLANG_WARN_STRICT_PROTOTYPES = YES;
				CLANG_WARN_SUSPICIOUS_MOVE = YES;
				CLANG_WARN_UNGUARDED_AVAILABILITY = YES_AGGRESSIVE;
				CLANG_WARN_UNREACHABLE_CODE = YES;
				CLANG_WARN__DUPLICATE_METHOD_MATCH = YES;
				COPY_PHASE_STRIP = NO;
				DEBUG_INFORMATION_FORMAT = dwarf;
				ENABLE_STRICT_OBJC_MSGSEND = YES;
				ENABLE_TESTABILITY = YES;
				GCC_C_LANGUAGE_STANDARD = gnu11;
				GCC_DYNAMIC_NO_PIC = NO;
				GCC_NO_COMMON_BLOCKS = YES;
				GCC_OPTIMIZATION_LEVEL = 0;
				GCC_PREPROCESSOR_DEFINITIONS = (
					"DEBUG=1",
					"$(inherited)",
				);
				GCC_WARN_64_TO_32_BIT_CONVERSION = YES;
				GCC_WARN_ABOUT_RETURN_TYPE = YES_ERROR;
				GCC_WARN_UNDECLARED_SELECTOR = YES;
				GCC_WARN_UNINITIALIZED_AUTOS = YES_AGGRESSIVE;
				GCC_WARN_UNUSED_FUNCTION = YES;
				GCC_WARN_UNUSED_VARIABLE = YES;
				IPHONEOS_DEPLOYMENT_TARGET = 14.0;
				MTL_ENABLE_DEBUG_INFO = INCLUDE_SOURCE;
				MTL_FAST_MATH = YES;
				ONLY_ACTIVE_ARCH = YES;
				SDKROOT = iphoneos;
				SWIFT_ACTIVE_COMPILATION_CONDITIONS = DEBUG;
				SWIFT_OPTIMIZATION_LEVEL = "-Onone";
			};
			name = Debug;
		};
		C94220B12526314A00EEC648 /* Release */ = {
			isa = XCBuildConfiguration;
			buildSettings = {
				ALWAYS_SEARCH_USER_PATHS = NO;
				CLANG_ANALYZER_NONNULL = YES;
				CLANG_ANALYZER_NUMBER_OBJECT_CONVERSION = YES_AGGRESSIVE;
				CLANG_CXX_LANGUAGE_STANDARD = "gnu++14";
				CLANG_CXX_LIBRARY = "libc++";
				CLANG_ENABLE_MODULES = YES;
				CLANG_ENABLE_OBJC_ARC = YES;
				CLANG_ENABLE_OBJC_WEAK = YES;
				CLANG_WARN_BLOCK_CAPTURE_AUTORELEASING = YES;
				CLANG_WARN_BOOL_CONVERSION = YES;
				CLANG_WARN_COMMA = YES;
				CLANG_WARN_CONSTANT_CONVERSION = YES;
				CLANG_WARN_DEPRECATED_OBJC_IMPLEMENTATIONS = YES;
				CLANG_WARN_DIRECT_OBJC_ISA_USAGE = YES_ERROR;
				CLANG_WARN_DOCUMENTATION_COMMENTS = YES;
				CLANG_WARN_EMPTY_BODY = YES;
				CLANG_WARN_ENUM_CONVERSION = YES;
				CLANG_WARN_INFINITE_RECURSION = YES;
				CLANG_WARN_INT_CONVERSION = YES;
				CLANG_WARN_NON_LITERAL_NULL_CONVERSION = YES;
				CLANG_WARN_OBJC_IMPLICIT_RETAIN_SELF = YES;
				CLANG_WARN_OBJC_LITERAL_CONVERSION = YES;
				CLANG_WARN_OBJC_ROOT_CLASS = YES_ERROR;
				CLANG_WARN_QUOTED_INCLUDE_IN_FRAMEWORK_HEADER = YES;
				CLANG_WARN_RANGE_LOOP_ANALYSIS = YES;
				CLANG_WARN_STRICT_PROTOTYPES = YES;
				CLANG_WARN_SUSPICIOUS_MOVE = YES;
				CLANG_WARN_UNGUARDED_AVAILABILITY = YES_AGGRESSIVE;
				CLANG_WARN_UNREACHABLE_CODE = YES;
				CLANG_WARN__DUPLICATE_METHOD_MATCH = YES;
				COPY_PHASE_STRIP = NO;
				DEBUG_INFORMATION_FORMAT = "dwarf-with-dsym";
				ENABLE_NS_ASSERTIONS = NO;
				ENABLE_STRICT_OBJC_MSGSEND = YES;
				GCC_C_LANGUAGE_STANDARD = gnu11;
				GCC_NO_COMMON_BLOCKS = YES;
				GCC_WARN_64_TO_32_BIT_CONVERSION = YES;
				GCC_WARN_ABOUT_RETURN_TYPE = YES_ERROR;
				GCC_WARN_UNDECLARED_SELECTOR = YES;
				GCC_WARN_UNINITIALIZED_AUTOS = YES_AGGRESSIVE;
				GCC_WARN_UNUSED_FUNCTION = YES;
				GCC_WARN_UNUSED_VARIABLE = YES;
				IPHONEOS_DEPLOYMENT_TARGET = 14.0;
				MTL_ENABLE_DEBUG_INFO = NO;
				MTL_FAST_MATH = YES;
				SDKROOT = iphoneos;
				SWIFT_COMPILATION_MODE = wholemodule;
				SWIFT_OPTIMIZATION_LEVEL = "-O";
				VALIDATE_PRODUCT = YES;
			};
			name = Release;
		};
		C94220B32526314A00EEC648 /* Debug */ = {
			isa = XCBuildConfiguration;
			buildSettings = {
				ASSETCATALOG_COMPILER_APPICON_NAME = AppIcon;
				ASSETCATALOG_COMPILER_GLOBAL_ACCENT_COLOR_NAME = AccentColor;
				CODE_SIGN_STYLE = Automatic;
				DEVELOPMENT_ASSET_PATHS = "\"Image_Filter/Preview Content\"";
				DEVELOPMENT_TEAM = GYR92CXVA9;
				ENABLE_PREVIEWS = YES;
				INFOPLIST_FILE = Image_Filter/Info.plist;
				IPHONEOS_DEPLOYMENT_TARGET = 14.0;
				LD_RUNPATH_SEARCH_PATHS = (
					"$(inherited)",
					"@executable_path/Frameworks",
				);
				PRODUCT_BUNDLE_IDENTIFIER = "Sanak.Image-Filter";
				PRODUCT_NAME = "$(TARGET_NAME)";
				SWIFT_VERSION = 5.0;
				TARGETED_DEVICE_FAMILY = "1,2";
			};
			name = Debug;
		};
		C94220B42526314A00EEC648 /* Release */ = {
			isa = XCBuildConfiguration;
			buildSettings = {
				ASSETCATALOG_COMPILER_APPICON_NAME = AppIcon;
				ASSETCATALOG_COMPILER_GLOBAL_ACCENT_COLOR_NAME = AccentColor;
				CODE_SIGN_STYLE = Automatic;
				DEVELOPMENT_ASSET_PATHS = "\"Image_Filter/Preview Content\"";
				DEVELOPMENT_TEAM = GYR92CXVA9;
				ENABLE_PREVIEWS = YES;
				INFOPLIST_FILE = Image_Filter/Info.plist;
				IPHONEOS_DEPLOYMENT_TARGET = 14.0;
				LD_RUNPATH_SEARCH_PATHS = (
					"$(inherited)",
					"@executable_path/Frameworks",
				);
				PRODUCT_BUNDLE_IDENTIFIER = "Sanak.Image-Filter";
				PRODUCT_NAME = "$(TARGET_NAME)";
				SWIFT_VERSION = 5.0;
				TARGETED_DEVICE_FAMILY = "1,2";
			};
			name = Release;
		};
		C94220B62526314A00EEC648 /* Debug */ = {
			isa = XCBuildConfiguration;
			buildSettings = {
				ALWAYS_EMBED_SWIFT_STANDARD_LIBRARIES = YES;
				BUNDLE_LOADER = "$(TEST_HOST)";
				CODE_SIGN_STYLE = Automatic;
				DEVELOPMENT_TEAM = GYR92CXVA9;
				INFOPLIST_FILE = Image_FilterTests/Info.plist;
				IPHONEOS_DEPLOYMENT_TARGET = 14.0;
				LD_RUNPATH_SEARCH_PATHS = (
					"$(inherited)",
					"@executable_path/Frameworks",
					"@loader_path/Frameworks",
				);
				PRODUCT_BUNDLE_IDENTIFIER = "Sanak.Image-FilterTests";
				PRODUCT_NAME = "$(TARGET_NAME)";
				SWIFT_VERSION = 5.0;
				TARGETED_DEVICE_FAMILY = "1,2";
				TEST_HOST = "$(BUILT_PRODUCTS_DIR)/Image_Filter.app/Image_Filter";
			};
			name = Debug;
		};
		C94220B72526314A00EEC648 /* Release */ = {
			isa = XCBuildConfiguration;
			buildSettings = {
				ALWAYS_EMBED_SWIFT_STANDARD_LIBRARIES = YES;
				BUNDLE_LOADER = "$(TEST_HOST)";
				CODE_SIGN_STYLE = Automatic;
				DEVELOPMENT_TEAM = GYR92CXVA9;
				INFOPLIST_FILE = Image_FilterTests/Info.plist;
				IPHONEOS_DEPLOYMENT_TARGET = 14.0;
				LD_RUNPATH_SEARCH_PATHS = (
					"$(inherited)",
					"@executable_path/Frameworks",
					"@loader_path/Frameworks",
				);
				PRODUCT_BUNDLE_IDENTIFIER = "Sanak.Image-FilterTests";
				PRODUCT_NAME = "$(TARGET_NAME)";
				SWIFT_VERSION = 5.0;
				TARGETED_DEVICE_FAMILY = "1,2";
				TEST_HOST = "$(BUILT_PRODUCTS_DIR)/Image_Filter.app/Image_Filter";
			};
			name = Release;
		};
		C94220B92526314A00EEC648 /* Debug */ = {
			isa = XCBuildConfiguration;
			buildSettings = {
				ALWAYS_EMBED_SWIFT_STANDARD_LIBRARIES = YES;
				CODE_SIGN_STYLE = Automatic;
				DEVELOPMENT_TEAM = GYR92CXVA9;
				INFOPLIST_FILE = Image_FilterUITests/Info.plist;
				LD_RUNPATH_SEARCH_PATHS = (
					"$(inherited)",
					"@executable_path/Frameworks",
					"@loader_path/Frameworks",
				);
				PRODUCT_BUNDLE_IDENTIFIER = "Sanak.Image-FilterUITests";
				PRODUCT_NAME = "$(TARGET_NAME)";
				SWIFT_VERSION = 5.0;
				TARGETED_DEVICE_FAMILY = "1,2";
				TEST_TARGET_NAME = Image_Filter;
			};
			name = Debug;
		};
		C94220BA2526314A00EEC648 /* Release */ = {
			isa = XCBuildConfiguration;
			buildSettings = {
				ALWAYS_EMBED_SWIFT_STANDARD_LIBRARIES = YES;
				CODE_SIGN_STYLE = Automatic;
				DEVELOPMENT_TEAM = GYR92CXVA9;
				INFOPLIST_FILE = Image_FilterUITests/Info.plist;
				LD_RUNPATH_SEARCH_PATHS = (
					"$(inherited)",
					"@executable_path/Frameworks",
					"@loader_path/Frameworks",
				);
				PRODUCT_BUNDLE_IDENTIFIER = "Sanak.Image-FilterUITests";
				PRODUCT_NAME = "$(TARGET_NAME)";
				SWIFT_VERSION = 5.0;
				TARGETED_DEVICE_FAMILY = "1,2";
				TEST_TARGET_NAME = Image_Filter;
			};
			name = Release;
		};
/* End XCBuildConfiguration section */

/* Begin XCConfigurationList section */
		C94220882526314600EEC648 /* Build configuration list for PBXProject "Image_Filter" */ = {
			isa = XCConfigurationList;
			buildConfigurations = (
				C94220B02526314A00EEC648 /* Debug */,
				C94220B12526314A00EEC648 /* Release */,
			);
			defaultConfigurationIsVisible = 0;
			defaultConfigurationName = Release;
		};
		C94220B22526314A00EEC648 /* Build configuration list for PBXNativeTarget "Image_Filter" */ = {
			isa = XCConfigurationList;
			buildConfigurations = (
				C94220B32526314A00EEC648 /* Debug */,
				C94220B42526314A00EEC648 /* Release */,
			);
			defaultConfigurationIsVisible = 0;
			defaultConfigurationName = Release;
		};
		C94220B52526314A00EEC648 /* Build configuration list for PBXNativeTarget "Image_FilterTests" */ = {
			isa = XCConfigurationList;
			buildConfigurations = (
				C94220B62526314A00EEC648 /* Debug */,
				C94220B72526314A00EEC648 /* Release */,
			);
			defaultConfigurationIsVisible = 0;
			defaultConfigurationName = Release;
		};
		C94220B82526314A00EEC648 /* Build configuration list for PBXNativeTarget "Image_FilterUITests" */ = {
			isa = XCConfigurationList;
			buildConfigurations = (
				C94220B92526314A00EEC648 /* Debug */,
				C94220BA2526314A00EEC648 /* Release */,
			);
			defaultConfigurationIsVisible = 0;
			defaultConfigurationName = Release;
		};
/* End XCConfigurationList section */
	};
	rootObject = C94220852526314600EEC648 /* Project object */;
}
